
Microsoft Visual Studio Solution File, Format Version 12.00
# Visual Studio Version 17
VisualStudioVersion = 17.11.35312.102
MinimumVisualStudioVersion = 10.0.40219.1
Project("{9A19103F-16F7-4668-BE54-9A1E7A4F7556}") = "WidgetsDataReaderPackaged", "WidgetsDataReaderPackaged\WidgetsDataReaderPackaged.csproj", "{68E17061-3FC2-4143-8C48-43191E34D67B}"
EndProject
Project("{54435603-DBB4-11D2-8724-00A0C9A8B90C}") = "WidgetsDataReader", "WidgetsDataReader\WidgetsDataReader.vdproj", "{CB40F9AD-1514-4F4B-9E91-22A4CE7A9C72}"
EndProject
Project("{C7167F0D-BC9F-4E6E-AFE1-012C56B48DB5}") = "WidgetsReader (Package)", "WidgetsReader\WidgetsReader (Package)\WidgetsReader (Package).wapproj", "{C9571856-F426-4739-A508-D49E7DA59D9F}"
EndProject
Project("{FAE04EC0-301F-11D3-BF4B-00C04F79EFBC}") = "WidgetsReader", "WidgetsReader\WidgetsReader\WidgetsReader.csproj", "{AAEF274E-91E6-4F31-9A40-D54660089FC7}"
EndProject
Global
	GlobalSection(SolutionConfigurationPlatforms) = preSolution
		Debug|Any CPU = Debug|Any CPU
		Debug|ARM = Debug|ARM
		Debug|ARM64 = Debug|ARM64
		Debug|x64 = Debug|x64
		Debug|x86 = Debug|x86
		Release|Any CPU = Release|Any CPU
		Release|ARM = Release|ARM
		Release|ARM64 = Release|ARM64
		Release|x64 = Release|x64
		Release|x86 = Release|x86
	EndGlobalSection
	GlobalSection(ProjectConfigurationPlatforms) = postSolution
		{68E17061-3FC2-4143-8C48-43191E34D67B}.Debug|Any CPU.ActiveCfg = Debug|x64
		{68E17061-3FC2-4143-8C48-43191E34D67B}.Debug|Any CPU.Build.0 = Debug|x64
		{68E17061-3FC2-4143-8C48-43191E34D67B}.Debug|Any CPU.Deploy.0 = Debug|x64
		{68E17061-3FC2-4143-8C48-43191E34D67B}.Debug|ARM.ActiveCfg = Debug|x64
		{68E17061-3FC2-4143-8C48-43191E34D67B}.Debug|ARM.Build.0 = Debug|x64
		{68E17061-3FC2-4143-8C48-43191E34D67B}.Debug|ARM.Deploy.0 = Debug|x64
		{68E17061-3FC2-4143-8C48-43191E34D67B}.Debug|ARM64.ActiveCfg = Debug|ARM64
		{68E17061-3FC2-4143-8C48-43191E34D67B}.Debug|ARM64.Build.0 = Debug|ARM64
		{68E17061-3FC2-4143-8C48-43191E34D67B}.Debug|ARM64.Deploy.0 = Debug|ARM64
		{68E17061-3FC2-4143-8C48-43191E34D67B}.Debug|x64.ActiveCfg = Debug|x64
		{68E17061-3FC2-4143-8C48-43191E34D67B}.Debug|x64.Build.0 = Debug|x64
		{68E17061-3FC2-4143-8C48-43191E34D67B}.Debug|x64.Deploy.0 = Debug|x64
		{68E17061-3FC2-4143-8C48-43191E34D67B}.Debug|x86.ActiveCfg = Debug|x86
		{68E17061-3FC2-4143-8C48-43191E34D67B}.Debug|x86.Build.0 = Debug|x86
		{68E17061-3FC2-4143-8C48-43191E34D67B}.Debug|x86.Deploy.0 = Debug|x86
		{68E17061-3FC2-4143-8C48-43191E34D67B}.Release|Any CPU.ActiveCfg = Release|x64
		{68E17061-3FC2-4143-8C48-43191E34D67B}.Release|Any CPU.Build.0 = Release|x64
		{68E17061-3FC2-4143-8C48-43191E34D67B}.Release|Any CPU.Deploy.0 = Release|x64
		{68E17061-3FC2-4143-8C48-43191E34D67B}.Release|ARM.ActiveCfg = Release|x64
		{68E17061-3FC2-4143-8C48-43191E34D67B}.Release|ARM.Build.0 = Release|x64
		{68E17061-3FC2-4143-8C48-43191E34D67B}.Release|ARM.Deploy.0 = Release|x64
		{68E17061-3FC2-4143-8C48-43191E34D67B}.Release|ARM64.ActiveCfg = Release|ARM64
		{68E17061-3FC2-4143-8C48-43191E34D67B}.Release|ARM64.Build.0 = Release|ARM64
		{68E17061-3FC2-4143-8C48-43191E34D67B}.Release|ARM64.Deploy.0 = Release|ARM64
		{68E17061-3FC2-4143-8C48-43191E34D67B}.Release|x64.ActiveCfg = Release|x64
		{68E17061-3FC2-4143-8C48-43191E34D67B}.Release|x64.Build.0 = Release|x64
		{68E17061-3FC2-4143-8C48-43191E34D67B}.Release|x64.Deploy.0 = Release|x64
		{68E17061-3FC2-4143-8C48-43191E34D67B}.Release|x86.ActiveCfg = Release|x86
		{68E17061-3FC2-4143-8C48-43191E34D67B}.Release|x86.Build.0 = Release|x86
		{68E17061-3FC2-4143-8C48-43191E34D67B}.Release|x86.Deploy.0 = Release|x86
		{CB40F9AD-1514-4F4B-9E91-22A4CE7A9C72}.Debug|Any CPU.ActiveCfg = Debug
		{CB40F9AD-1514-4F4B-9E91-22A4CE7A9C72}.Debug|ARM.ActiveCfg = Debug
		{CB40F9AD-1514-4F4B-9E91-22A4CE7A9C72}.Debug|ARM64.ActiveCfg = Debug
		{CB40F9AD-1514-4F4B-9E91-22A4CE7A9C72}.Debug|x64.ActiveCfg = Debug
		{CB40F9AD-1514-4F4B-9E91-22A4CE7A9C72}.Debug|x86.ActiveCfg = Debug
		{CB40F9AD-1514-4F4B-9E91-22A4CE7A9C72}.Release|Any CPU.ActiveCfg = Release
		{CB40F9AD-1514-4F4B-9E91-22A4CE7A9C72}.Release|ARM.ActiveCfg = Release
		{CB40F9AD-1514-4F4B-9E91-22A4CE7A9C72}.Release|ARM64.ActiveCfg = Release
		{CB40F9AD-1514-4F4B-9E91-22A4CE7A9C72}.Release|x64.ActiveCfg = Release
		{CB40F9AD-1514-4F4B-9E91-22A4CE7A9C72}.Release|x86.ActiveCfg = Release
		{C9571856-F426-4739-A508-D49E7DA59D9F}.Debug|Any CPU.ActiveCfg = Debug|x64
		{C9571856-F426-4739-A508-D49E7DA59D9F}.Debug|Any CPU.Build.0 = Debug|x64
		{C9571856-F426-4739-A508-D49E7DA59D9F}.Debug|Any CPU.Deploy.0 = Debug|x64
		{C9571856-F426-4739-A508-D49E7DA59D9F}.Debug|ARM.ActiveCfg = Debug|x64
		{C9571856-F426-4739-A508-D49E7DA59D9F}.Debug|ARM.Build.0 = Debug|x64
		{C9571856-F426-4739-A508-D49E7DA59D9F}.Debug|ARM.Deploy.0 = Debug|x64
		{C9571856-F426-4739-A508-D49E7DA59D9F}.Debug|ARM64.ActiveCfg = Debug|ARM64
		{C9571856-F426-4739-A508-D49E7DA59D9F}.Debug|ARM64.Build.0 = Debug|ARM64
		{C9571856-F426-4739-A508-D49E7DA59D9F}.Debug|ARM64.Deploy.0 = Debug|ARM64
		{C9571856-F426-4739-A508-D49E7DA59D9F}.Debug|x64.ActiveCfg = Debug|x64
		{C9571856-F426-4739-A508-D49E7DA59D9F}.Debug|x64.Build.0 = Debug|x64
		{C9571856-F426-4739-A508-D49E7DA59D9F}.Debug|x64.Deploy.0 = Debug|x64
		{C9571856-F426-4739-A508-D49E7DA59D9F}.Debug|x86.ActiveCfg = Debug|x86
		{C9571856-F426-4739-A508-D49E7DA59D9F}.Debug|x86.Build.0 = Debug|x86
		{C9571856-F426-4739-A508-D49E7DA59D9F}.Debug|x86.Deploy.0 = Debug|x86
		{C9571856-F426-4739-A508-D49E7DA59D9F}.Release|Any CPU.ActiveCfg = Release|x64
		{C9571856-F426-4739-A508-D49E7DA59D9F}.Release|Any CPU.Build.0 = Release|x64
		{C9571856-F426-4739-A508-D49E7DA59D9F}.Release|Any CPU.Deploy.0 = Release|x64
		{C9571856-F426-4739-A508-D49E7DA59D9F}.Release|ARM.ActiveCfg = Release|x64
		{C9571856-F426-4739-A508-D49E7DA59D9F}.Release|ARM.Build.0 = Release|x64
		{C9571856-F426-4739-A508-D49E7DA59D9F}.Release|ARM.Deploy.0 = Release|x64
		{C9571856-F426-4739-A508-D49E7DA59D9F}.Release|ARM64.ActiveCfg = Release|ARM64
		{C9571856-F426-4739-A508-D49E7DA59D9F}.Release|ARM64.Build.0 = Release|ARM64
		{C9571856-F426-4739-A508-D49E7DA59D9F}.Release|ARM64.Deploy.0 = Release|ARM64
		{C9571856-F426-4739-A508-D49E7DA59D9F}.Release|x64.ActiveCfg = Release|x64
		{C9571856-F426-4739-A508-D49E7DA59D9F}.Release|x64.Build.0 = Release|x64
		{C9571856-F426-4739-A508-D49E7DA59D9F}.Release|x64.Deploy.0 = Release|x64
		{C9571856-F426-4739-A508-D49E7DA59D9F}.Release|x86.ActiveCfg = Release|x86
		{C9571856-F426-4739-A508-D49E7DA59D9F}.Release|x86.Build.0 = Release|x86
		{C9571856-F426-4739-A508-D49E7DA59D9F}.Release|x86.Deploy.0 = Release|x86
		{AAEF274E-91E6-4F31-9A40-D54660089FC7}.Debug|Any CPU.ActiveCfg = Debug|x64
		{AAEF274E-91E6-4F31-9A40-D54660089FC7}.Debug|Any CPU.Build.0 = Debug|x64
		{AAEF274E-91E6-4F31-9A40-D54660089FC7}.Debug|ARM.ActiveCfg = Debug|x64
		{AAEF274E-91E6-4F31-9A40-D54660089FC7}.Debug|ARM.Build.0 = Debug|x64
		{AAEF274E-91E6-4F31-9A40-D54660089FC7}.Debug|ARM64.ActiveCfg = Debug|ARM64
		{AAEF274E-91E6-4F31-9A40-D54660089FC7}.Debug|ARM64.Build.0 = Debug|ARM64
		{AAEF274E-91E6-4F31-9A40-D54660089FC7}.Debug|x64.ActiveCfg = Debug|x64
		{AAEF274E-91E6-4F31-9A40-D54660089FC7}.Debug|x64.Build.0 = Debug|x64
		{AAEF274E-91E6-4F31-9A40-D54660089FC7}.Debug|x86.ActiveCfg = Debug|x86
		{AAEF274E-91E6-4F31-9A40-D54660089FC7}.Debug|x86.Build.0 = Debug|x86
		{AAEF274E-91E6-4F31-9A40-D54660089FC7}.Release|Any CPU.ActiveCfg = Release|x64
		{AAEF274E-91E6-4F31-9A40-D54660089FC7}.Release|Any CPU.Build.0 = Release|x64
		{AAEF274E-91E6-4F31-9A40-D54660089FC7}.Release|ARM.ActiveCfg = Release|x64
		{AAEF274E-91E6-4F31-9A40-D54660089FC7}.Release|ARM.Build.0 = Release|x64
		{AAEF274E-91E6-4F31-9A40-D54660089FC7}.Release|ARM64.ActiveCfg = Release|ARM64
		{AAEF274E-91E6-4F31-9A40-D54660089FC7}.Release|ARM64.Build.0 = Release|ARM64
		{AAEF274E-91E6-4F31-9A40-D54660089FC7}.Release|x64.ActiveCfg = Release|x64
		{AAEF274E-91E6-4F31-9A40-D54660089FC7}.Release|x64.Build.0 = Release|x64
		{AAEF274E-91E6-4F31-9A40-D54660089FC7}.Release|x86.ActiveCfg = Release|x86
		{AAEF274E-91E6-4F31-9A40-D54660089FC7}.Release|x86.Build.0 = Release|x86
	EndGlobalSection
	GlobalSection(SolutionProperties) = preSolution
		HideSolutionNode = FALSE
	EndGlobalSection
	GlobalSection(ExtensibilityGlobals) = postSolution
		SolutionGuid = {832E067E-6ED2-4988-B3EE-1089D74E10D2}
	EndGlobalSection
EndGlobal
